
Microsoft Visual Studio Solution File, Format Version 12.00
# Visual Studio Version 17
VisualStudioVersion = 17.0.31919.166
MinimumVisualStudioVersion = 10.0.40219.1
Project("{9A19103F-16F7-4668-BE54-9A1E7A4F7556}") = "HunterCwdWebApp", "HunterCwdWebApp.csproj", "{606F9BE6-D3B9-4E7F-A287-9D830F942625}"
EndProject
Project("{9A19103F-16F7-4668-BE54-9A1E7A4F7556}") = "HunterCWDWebApp.DataAccess", "..\HunterCWDWebApp.DataAccess\HunterCWDWebApp.DataAccess.csproj", "{0EB9149D-2AEA-4EC0-A967-52AB6BBD657D}"
EndProject
Global
	GlobalSection(SolutionConfigurationPlatforms) = preSolution
		Debug|Any CPU = Debug|Any CPU
		Release|Any CPU = Release|Any CPU
	EndGlobalSection
	GlobalSection(ProjectConfigurationPlatforms) = postSolution
		{606F9BE6-D3B9-4E7F-A287-9D830F942625}.Debug|Any CPU.ActiveCfg = Debug|Any CPU
		{606F9BE6-D3B9-4E7F-A287-9D830F942625}.Debug|Any CPU.Build.0 = Debug|Any CPU
		{606F9BE6-D3B9-4E7F-A287-9D830F942625}.Release|Any CPU.ActiveCfg = Release|Any CPU
		{606F9BE6-D3B9-4E7F-A287-9D830F942625}.Release|Any CPU.Build.0 = Release|Any CPU
		{0EB9149D-2AEA-4EC0-A967-52AB6BBD657D}.Debug|Any CPU.ActiveCfg = Debug|Any CPU
		{0EB9149D-2AEA-4EC0-A967-52AB6BBD657D}.Debug|Any CPU.Build.0 = Debug|Any CPU
		{0EB9149D-2AEA-4EC0-A967-52AB6BBD657D}.Release|Any CPU.ActiveCfg = Release|Any CPU
		{0EB9149D-2AEA-4EC0-A967-52AB6BBD657D}.Release|Any CPU.Build.0 = Release|Any CPU
	EndGlobalSection
	GlobalSection(SolutionProperties) = preSolution
		HideSolutionNode = FALSE
	EndGlobalSection
	GlobalSection(ExtensibilityGlobals) = postSolution
		SolutionGuid = {719E8887-A35E-4707-879F-6CFA7D889D13}
	EndGlobalSection
EndGlobal
